# THIS IS AN AUTOGENERATED FILE. DO NOT EDIT THIS FILE DIRECTLY.
# yarn lockfile v1


headjs@^1.0.3:
  version "1.0.3"
  resolved "https://registry.yarnpkg.com/headjs/-/headjs-1.0.3.tgz#b368ebbfa8b6c3961c1a33105ec811d54dd8783f"
  integrity sha1-s2jrv6i2w5YcGjMQXsgR1U3YeD8=

reveal.js-menu@^1.2.0:
  version "1.2.0"
  resolved "https://registry.yarnpkg.com/reveal.js-menu/-/reveal.js-menu-1.2.0.tgz#b8d8f060a25b933fad253ffb51012662e31b8c0d"
  integrity sha512-jOuMjakDx90GO01Z29Vq6MS3qogjML/qTA14werk/PDj9zpV5Pl0GRLwWq91b20vS1JgYi4sD1POd33deDQAQg==

reveal.js@^3.7.0:
  version "3.7.0"
  resolved "https://registry.yarnpkg.com/reveal.js/-/reveal.js-3.7.0.tgz#7afaf72fd963000381289d58f3aa54c0c46b150c"
  integrity sha512-HTOTNhF5mQAw6fcsptk4oql/DEEUwTG0YHk/LzTNNx0/3IgvOQZqKzvlK/zNpqqKMLlhn1gH9Nvp+FFoc/e5/w==
